
Microsoft Visual Studio Solution File, Format Version 12.00
# Visual Studio Version 17
VisualStudioVersion = 17.5.33516.290
MinimumVisualStudioVersion = 10.0.40219.1
Project("{FAE04EC0-301F-11D3-BF4B-00C04F79EFBC}") = "yenitest123", "yenitest123\yenitest123.csproj", "{F8F76AA9-67CB-4C9B-80D8-BBB36C64CC92}"
EndProject
Global
	GlobalSection(SolutionConfigurationPlatforms) = preSolution
		Debug|Any CPU = Debug|Any CPU
		Release|Any CPU = Release|Any CPU
	EndGlobalSection
	GlobalSection(ProjectConfigurationPlatforms) = postSolution
		{F8F76AA9-67CB-4C9B-80D8-BBB36C64CC92}.Debug|Any CPU.ActiveCfg = Debug|Any CPU
		{F8F76AA9-67CB-4C9B-80D8-BBB36C64CC92}.Debug|Any CPU.Build.0 = Debug|Any CPU
		{F8F76AA9-67CB-4C9B-80D8-BBB36C64CC92}.Release|Any CPU.ActiveCfg = Release|Any CPU
		{F8F76AA9-67CB-4C9B-80D8-BBB36C64CC92}.Release|Any CPU.Build.0 = Release|Any CPU
	EndGlobalSection
	GlobalSection(SolutionProperties) = preSolution
		HideSolutionNode = FALSE
	EndGlobalSection
	GlobalSection(ExtensibilityGlobals) = postSolution
		SolutionGuid = {82D3DF5A-8762-4CD1-A547-77528B036410}
	EndGlobalSection
EndGlobal
