
Microsoft Visual Studio Solution File, Format Version 12.00
# Visual Studio Version 17
VisualStudioVersion = 17.5.33516.290
MinimumVisualStudioVersion = 10.0.40219.1
Project("{FAE04EC0-301F-11D3-BF4B-00C04F79EFBC}") = "PassingData", "PassingData\PassingData.csproj", "{B0984B75-8BD5-477F-82DB-DFCB8273FA25}"
EndProject
Global
	GlobalSection(SolutionConfigurationPlatforms) = preSolution
		Debug|Any CPU = Debug|Any CPU
		Release|Any CPU = Release|Any CPU
	EndGlobalSection
	GlobalSection(ProjectConfigurationPlatforms) = postSolution
		{B0984B75-8BD5-477F-82DB-DFCB8273FA25}.Debug|Any CPU.ActiveCfg = Debug|Any CPU
		{B0984B75-8BD5-477F-82DB-DFCB8273FA25}.Debug|Any CPU.Build.0 = Debug|Any CPU
		{B0984B75-8BD5-477F-82DB-DFCB8273FA25}.Release|Any CPU.ActiveCfg = Release|Any CPU
		{B0984B75-8BD5-477F-82DB-DFCB8273FA25}.Release|Any CPU.Build.0 = Release|Any CPU
	EndGlobalSection
	GlobalSection(SolutionProperties) = preSolution
		HideSolutionNode = FALSE
	EndGlobalSection
	GlobalSection(ExtensibilityGlobals) = postSolution
		SolutionGuid = {ABEB24A0-7993-458C-80D0-BD7C31AFEFC8}
	EndGlobalSection
EndGlobal
