
Microsoft Visual Studio Solution File, Format Version 12.00
# Visual Studio Version 17
VisualStudioVersion = 17.5.33516.290
MinimumVisualStudioVersion = 10.0.40219.1
Project("{FAE04EC0-301F-11D3-BF4B-00C04F79EFBC}") = "LabSorusu4.hafta", "LabSorusu4.hafta\LabSorusu4.hafta.csproj", "{444F6E1D-C26F-4B18-ABA7-9304FCBBF76F}"
EndProject
Global
	GlobalSection(SolutionConfigurationPlatforms) = preSolution
		Debug|Any CPU = Debug|Any CPU
		Release|Any CPU = Release|Any CPU
	EndGlobalSection
	GlobalSection(ProjectConfigurationPlatforms) = postSolution
		{444F6E1D-C26F-4B18-ABA7-9304FCBBF76F}.Debug|Any CPU.ActiveCfg = Debug|Any CPU
		{444F6E1D-C26F-4B18-ABA7-9304FCBBF76F}.Debug|Any CPU.Build.0 = Debug|Any CPU
		{444F6E1D-C26F-4B18-ABA7-9304FCBBF76F}.Release|Any CPU.ActiveCfg = Release|Any CPU
		{444F6E1D-C26F-4B18-ABA7-9304FCBBF76F}.Release|Any CPU.Build.0 = Release|Any CPU
	EndGlobalSection
	GlobalSection(SolutionProperties) = preSolution
		HideSolutionNode = FALSE
	EndGlobalSection
	GlobalSection(ExtensibilityGlobals) = postSolution
		SolutionGuid = {527DDE70-DEAC-4F5B-B08C-72A4D3DD5E78}
	EndGlobalSection
EndGlobal
