
Microsoft Visual Studio Solution File, Format Version 12.00
# Visual Studio Version 17
VisualStudioVersion = 17.5.33516.290
MinimumVisualStudioVersion = 10.0.40219.1
Project("{FAE04EC0-301F-11D3-BF4B-00C04F79EFBC}") = "HelloWorld", "HelloWorld\HelloWorld.csproj", "{48B53E7C-31E9-4661-9D2D-F38D1F6A16F0}"
EndProject
Global
	GlobalSection(SolutionConfigurationPlatforms) = preSolution
		Debug|Any CPU = Debug|Any CPU
		Release|Any CPU = Release|Any CPU
	EndGlobalSection
	GlobalSection(ProjectConfigurationPlatforms) = postSolution
		{48B53E7C-31E9-4661-9D2D-F38D1F6A16F0}.Debug|Any CPU.ActiveCfg = Debug|Any CPU
		{48B53E7C-31E9-4661-9D2D-F38D1F6A16F0}.Debug|Any CPU.Build.0 = Debug|Any CPU
		{48B53E7C-31E9-4661-9D2D-F38D1F6A16F0}.Release|Any CPU.ActiveCfg = Release|Any CPU
		{48B53E7C-31E9-4661-9D2D-F38D1F6A16F0}.Release|Any CPU.Build.0 = Release|Any CPU
	EndGlobalSection
	GlobalSection(SolutionProperties) = preSolution
		HideSolutionNode = FALSE
	EndGlobalSection
	GlobalSection(ExtensibilityGlobals) = postSolution
		SolutionGuid = {5C8CDBE0-572C-4D22-96A3-DEA935BB07C5}
	EndGlobalSection
EndGlobal
