
Microsoft Visual Studio Solution File, Format Version 12.00
# Visual Studio Version 17
VisualStudioVersion = 17.5.33516.290
MinimumVisualStudioVersion = 10.0.40219.1
Project("{FAE04EC0-301F-11D3-BF4B-00C04F79EFBC}") = "VisualProgrammingWeek6Lab", "VisualProgrammingWeek6Lab\VisualProgrammingWeek6Lab.csproj", "{CE26EA7E-F10E-490E-8D3E-0860B4B5DA05}"
EndProject
Global
	GlobalSection(SolutionConfigurationPlatforms) = preSolution
		Debug|Any CPU = Debug|Any CPU
		Release|Any CPU = Release|Any CPU
	EndGlobalSection
	GlobalSection(ProjectConfigurationPlatforms) = postSolution
		{CE26EA7E-F10E-490E-8D3E-0860B4B5DA05}.Debug|Any CPU.ActiveCfg = Debug|Any CPU
		{CE26EA7E-F10E-490E-8D3E-0860B4B5DA05}.Debug|Any CPU.Build.0 = Debug|Any CPU
		{CE26EA7E-F10E-490E-8D3E-0860B4B5DA05}.Release|Any CPU.ActiveCfg = Release|Any CPU
		{CE26EA7E-F10E-490E-8D3E-0860B4B5DA05}.Release|Any CPU.Build.0 = Release|Any CPU
	EndGlobalSection
	GlobalSection(SolutionProperties) = preSolution
		HideSolutionNode = FALSE
	EndGlobalSection
	GlobalSection(ExtensibilityGlobals) = postSolution
		SolutionGuid = {8517DC5B-60B3-41B9-AEE9-F6E4097B09C2}
	EndGlobalSection
EndGlobal
