
Microsoft Visual Studio Solution File, Format Version 12.00
# Visual Studio Version 17
VisualStudioVersion = 17.5.33516.290
MinimumVisualStudioVersion = 10.0.40219.1
Project("{FAE04EC0-301F-11D3-BF4B-00C04F79EFBC}") = "8.hafta", "8.hafta\8.hafta.csproj", "{5FD2A2BA-17CC-40C1-A6FC-A43DB00DE90A}"
EndProject
Global
	GlobalSection(SolutionConfigurationPlatforms) = preSolution
		Debug|Any CPU = Debug|Any CPU
		Release|Any CPU = Release|Any CPU
	EndGlobalSection
	GlobalSection(ProjectConfigurationPlatforms) = postSolution
		{5FD2A2BA-17CC-40C1-A6FC-A43DB00DE90A}.Debug|Any CPU.ActiveCfg = Debug|Any CPU
		{5FD2A2BA-17CC-40C1-A6FC-A43DB00DE90A}.Debug|Any CPU.Build.0 = Debug|Any CPU
		{5FD2A2BA-17CC-40C1-A6FC-A43DB00DE90A}.Release|Any CPU.ActiveCfg = Release|Any CPU
		{5FD2A2BA-17CC-40C1-A6FC-A43DB00DE90A}.Release|Any CPU.Build.0 = Release|Any CPU
	EndGlobalSection
	GlobalSection(SolutionProperties) = preSolution
		HideSolutionNode = FALSE
	EndGlobalSection
	GlobalSection(ExtensibilityGlobals) = postSolution
		SolutionGuid = {B5802A6E-2096-4892-9263-C5FBD71C3061}
	EndGlobalSection
EndGlobal
